schema: '2.0'
stages:
  prepare_folds:
    cmd: uv run disaster-tweet prepare-folds
    deps:
    - path: configs/config.yaml
      hash: md5
      md5: cbae5ec10c96897028110f9baf2d2d95
      size: 331
    - path: configs/data/kaggle_disaster_tweets.yaml
      hash: md5
      md5: c6153a3c98ab19173d7d7260a5336f50
      size: 332
    - path: data/raw/train.csv
      hash: md5
      md5: f147942c91d00d754503775341d13682
      size: 987712
    - path: disaster_tweet_classifier/commands.py
      hash: md5
      md5: 52f8944ba817e4a89f95a43998473df5
      size: 3156
    - path: disaster_tweet_classifier/data/loading.py
      hash: md5
      md5: caec6269c244cfdbbeb4c75c9d745059
      size: 3135
    - path: disaster_tweet_classifier/data/splitting.py
      hash: md5
      md5: e8336a18afed7b7324f2064e250d5ad7
      size: 1444
    outs:
    - path: data/processed/train_folds.csv
      hash: md5
      md5: 307be2dee9b5aa84ec9a18d7d153707e
      size: 1002943
